// !$*UTF8*$!
{
	archiveVersion = 1;
	classes = {
	};
	objectVersion = 50;
	objects = {

/* Begin PBXBuildFile section */
		D7E4ACD6213D949100376381 /* AppDelegate.swift in Sources */ = {isa = PBXBuildFile; fileRef = D7E4ACD5213D949100376381 /* AppDelegate.swift */; };
		D7E4ACDB213D949100376381 /* Main.storyboard in Resources */ = {isa = PBXBuildFile; fileRef = D7E4ACD9213D949100376381 /* Main.storyboard */; };
		D7E4ACDD213D949300376381 /* Assets.xcassets in Resources */ = {isa = PBXBuildFile; fileRef = D7E4ACDC213D949300376381 /* Assets.xcassets */; };
		D7E4ACE0213D949300376381 /* LaunchScreen.storyboard in Resources */ = {isa = PBXBuildFile; fileRef = D7E4ACDE213D949300376381 /* LaunchScreen.storyboard */; };
		D7E4ACE8213D987C00376381 /* Deck+Card.swift in Sources */ = {isa = PBXBuildFile; fileRef = D7E4ACE7213D987C00376381 /* Deck+Card.swift */; };
		D7E4ACEA213D98E400376381 /* CardDetailViewController.swift in Sources */ = {isa = PBXBuildFile; fileRef = D7E4ACE9213D98E400376381 /* CardDetailViewController.swift */; };
		D7E4ACEC213D994B00376381 /* DeckController.swift in Sources */ = {isa = PBXBuildFile; fileRef = D7E4ACEB213D994B00376381 /* DeckController.swift */; };
/* End PBXBuildFile section */

/* Begin PBXFileReference section */
		D7E4ACD2213D949100376381 /* DrawACard.app */ = {isa = PBXFileReference; explicitFileType = wrapper.application; includeInIndex = 0; path = DrawACard.app; sourceTree = BUILT_PRODUCTS_DIR; };
		D7E4ACD5213D949100376381 /* AppDelegate.swift */ = {isa = PBXFileReference; lastKnownFileType = sourcecode.swift; path = AppDelegate.swift; sourceTree = "<group>"; };
		D7E4ACDA213D949100376381 /* Base */ = {isa = PBXFileReference; lastKnownFileType = file.storyboard; name = Base; path = Base.lproj/Main.storyboard; sourceTree = "<group>"; };
		D7E4ACDC213D949300376381 /* Assets.xcassets */ = {isa = PBXFileReference; lastKnownFileType = folder.assetcatalog; path = Assets.xcassets; sourceTree = "<group>"; };
		D7E4ACDF213D949300376381 /* Base */ = {isa = PBXFileReference; lastKnownFileType = file.storyboard; name = Base; path = Base.lproj/LaunchScreen.storyboard; sourceTree = "<group>"; };
		D7E4ACE1213D949300376381 /* Info.plist */ = {isa = PBXFileReference; lastKnownFileType = text.plist.xml; path = Info.plist; sourceTree = "<group>"; };
		D7E4ACE7213D987C00376381 /* Deck+Card.swift */ = {isa = PBXFileReference; lastKnownFileType = sourcecode.swift; path = "Deck+Card.swift"; sourceTree = "<group>"; };
		D7E4ACE9213D98E400376381 /* CardDetailViewController.swift */ = {isa = PBXFileReference; lastKnownFileType = sourcecode.swift; path = CardDetailViewController.swift; sourceTree = "<group>"; };
		D7E4ACEB213D994B00376381 /* DeckController.swift */ = {isa = PBXFileReference; lastKnownFileType = sourcecode.swift; path = DeckController.swift; sourceTree = "<group>"; };
/* End PBXFileReference section */

/* Begin PBXFrameworksBuildPhase section */
		D7E4ACCF213D949100376381 /* Frameworks */ = {
			isa = PBXFrameworksBuildPhase;
			buildActionMask = 2147483647;
			files = (
			);
			runOnlyForDeploymentPostprocessing = 0;
		};
/* End PBXFrameworksBuildPhase section */

/* Begin PBXGroup section */
		D7E4ACC9213D949100376381 = {
			isa = PBXGroup;
			children = (
				D7E4ACD4213D949100376381 /* DrawACard */,
				D7E4ACD3213D949100376381 /* Products */,
			);
			sourceTree = "<group>";
		};
		D7E4ACD3213D949100376381 /* Products */ = {
			isa = PBXGroup;
			children = (
				D7E4ACD2213D949100376381 /* DrawACard.app */,
			);
			name = Products;
			sourceTree = "<group>";
		};
		D7E4ACD4213D949100376381 /* DrawACard */ = {
			isa = PBXGroup;
			children = (
				D7E4ACD5213D949100376381 /* AppDelegate.swift */,
				D7E4ACED213D9A8200376381 /* Model */,
				D7E4ACEE213D9A8C00376381 /* ViewController */,
				D7E4ACEF213D9A9600376381 /* ModelController */,
				D7E4ACD9213D949100376381 /* Main.storyboard */,
				D7E4ACDC213D949300376381 /* Assets.xcassets */,
				D7E4ACDE213D949300376381 /* LaunchScreen.storyboard */,
				D7E4ACE1213D949300376381 /* Info.plist */,
			);
			path = DrawACard;
			sourceTree = "<group>";
		};
		D7E4ACED213D9A8200376381 /* Model */ = {
			isa = PBXGroup;
			children = (
				D7E4ACE7213D987C00376381 /* Deck+Card.swift */,
			);
			path = Model;
			sourceTree = "<group>";
		};
		D7E4ACEE213D9A8C00376381 /* ViewController */ = {
			isa = PBXGroup;
			children = (
				D7E4ACE9213D98E400376381 /* CardDetailViewController.swift */,
			);
			path = ViewController;
			sourceTree = "<group>";
		};
		D7E4ACEF213D9A9600376381 /* ModelController */ = {
			isa = PBXGroup;
			children = (
				D7E4ACEB213D994B00376381 /* DeckController.swift */,
			);
			path = ModelController;
			sourceTree = "<group>";
		};
/* End PBXGroup section */

/* Begin PBXNativeTarget section */
		D7E4ACD1213D949100376381 /* DrawACard */ = {
			isa = PBXNativeTarget;
			buildConfigurationList = D7E4ACE4213D949300376381 /* Build configuration list for PBXNativeTarget "DrawACard" */;
			buildPhases = (
				D7E4ACCE213D949100376381 /* Sources */,
				D7E4ACCF213D949100376381 /* Frameworks */,
				D7E4ACD0213D949100376381 /* Resources */,
			);
			buildRules = (
			);
			dependencies = (
			);
			name = DrawACard;
			productName = DrawACard;
			productReference = D7E4ACD2213D949100376381 /* DrawACard.app */;
			productType = "com.apple.product-type.application";
		};
/* End PBXNativeTarget section */

/* Begin PBXProject section */
		D7E4ACCA213D949100376381 /* Project object */ = {
			isa = PBXProject;
			attributes = {
				LastSwiftUpdateCheck = 0940;
				LastUpgradeCheck = 0940;
				ORGANIZATIONNAME = "Jason Goodney";
				TargetAttributes = {
					D7E4ACD1213D949100376381 = {
						CreatedOnToolsVersion = 9.4.1;
					};
				};
			};
			buildConfigurationList = D7E4ACCD213D949100376381 /* Build configuration list for PBXProject "DrawACard" */;
			compatibilityVersion = "Xcode 9.3";
			developmentRegion = en;
			hasScannedForEncodings = 0;
			knownRegions = (
				en,
				Base,
			);
			mainGroup = D7E4ACC9213D949100376381;
			productRefGroup = D7E4ACD3213D949100376381 /* Products */;
			projectDirPath = "";
			projectRoot = "";
			targets = (
				D7E4ACD1213D949100376381 /* DrawACard */,
			);
		};
/* End PBXProject section */

/* Begin PBXResourcesBuildPhase section */
		D7E4ACD0213D949100376381 /* Resources */ = {
			isa = PBXResourcesBuildPhase;
			buildActionMask = 2147483647;
			files = (
				D7E4ACE0213D949300376381 /* LaunchScreen.storyboard in Resources */,
				D7E4ACDD213D949300376381 /* Assets.xcassets in Resources */,
				D7E4ACDB213D949100376381 /* Main.storyboard in Resources */,
			);
			runOnlyForDeploymentPostprocessing = 0;
		};
/* End PBXResourcesBuildPhase section */

/* Begin PBXSourcesBuildPhase section */
		D7E4ACCE213D949100376381 /* Sources */ = {
			isa = PBXSourcesBuildPhase;
			buildActionMask = 2147483647;
			files = (
				D7E4ACE8213D987C00376381 /* Deck+Card.swift in Sources */,
				D7E4ACEA213D98E400376381 /* CardDetailViewController.swift in Sources */,
				D7E4ACEC213D994B00376381 /* DeckController.swift in Sources */,
				D7E4ACD6213D949100376381 /* AppDelegate.swift in Sources */,
			);
			runOnlyForDeploymentPostprocessing = 0;
		};
/* End PBXSourcesBuildPhase section */

/* Begin PBXVariantGroup section */
		D7E4ACD9213D949100376381 /* Main.storyboard */ = {
			isa = PBXVariantGroup;
			children = (
				D7E4ACDA213D949100376381 /* Base */,
			);
			name = Main.storyboard;
			sourceTree = "<group>";
		};
		D7E4ACDE213D949300376381 /* LaunchScreen.storyboard */ = {
			isa = PBXVariantGroup;
			children = (
				D7E4ACDF213D949300376381 /* Base */,
			);
			name = LaunchScreen.storyboard;
			sourceTree = "<group>";
		};
/* End PBXVariantGroup section */

/* Begin XCBuildConfiguration section */
		D7E4ACE2213D949300376381 /* Debug */ = {
			isa = XCBuildConfiguration;
			buildSettings = {
				ALWAYS_SEARCH_USER_PATHS = NO;
				CLANG_ANALYZER_NONNULL = YES;
				CLANG_ANALYZER_NUMBER_OBJECT_CONVERSION = YES_AGGRESSIVE;
				CLANG_CXX_LANGUAGE_STANDARD = "gnu++14";
				CLANG_CXX_LIBRARY = "libc++";
				CLANG_ENABLE_MODULES = YES;
				CLANG_ENABLE_OBJC_ARC = YES;
				CLANG_ENABLE_OBJC_WEAK = YES;
				CLANG_WARN_BLOCK_CAPTURE_AUTORELEASING = YES;
				CLANG_WARN_BOOL_CONVERSION = YES;
				CLANG_WARN_COMMA = YES;
				CLANG_WARN_CONSTANT_CONVERSION = YES;
				CLANG_WARN_DEPRECATED_OBJC_IMPLEMENTATIONS = YES;
				CLANG_WARN_DIRECT_OBJC_ISA_USAGE = YES_ERROR;
				CLANG_WARN_DOCUMENTATION_COMMENTS = YES;
				CLANG_WARN_EMPTY_BODY = YES;
				CLANG_WARN_ENUM_CONVERSION = YES;
				CLANG_WARN_INFINITE_RECURSION = YES;
				CLANG_WARN_INT_CONVERSION = YES;
				CLANG_WARN_NON_LITERAL_NULL_CONVERSION = YES;
				CLANG_WARN_OBJC_IMPLICIT_RETAIN_SELF = YES;
				CLANG_WARN_OBJC_LITERAL_CONVERSION = YES;
				CLANG_WARN_OBJC_ROOT_CLASS = YES_ERROR;
				CLANG_WARN_RANGE_LOOP_ANALYSIS = YES;
				CLANG_WARN_STRICT_PROTOTYPES = YES;
				CLANG_WARN_SUSPICIOUS_MOVE = YES;
				CLANG_WARN_UNGUARDED_AVAILABILITY = YES_AGGRESSIVE;
				CLANG_WARN_UNREACHABLE_CODE = YES;
				CLANG_WARN__DUPLICATE_METHOD_MATCH = YES;
				CODE_SIGN_IDENTITY = "iPhone Developer";
				COPY_PHASE_STRIP = NO;
				DEBUG_INFORMATION_FORMAT = dwarf;
				ENABLE_STRICT_OBJC_MSGSEND = YES;
				ENABLE_TESTABILITY = YES;
				GCC_C_LANGUAGE_STANDARD = gnu11;
				GCC_DYNAMIC_NO_PIC = NO;
				GCC_NO_COMMON_BLOCKS = YES;
				GCC_OPTIMIZATION_LEVEL = 0;
				GCC_PREPROCESSOR_DEFINITIONS = (
					"DEBUG=1",
					"$(inherited)",
				);
				GCC_WARN_64_TO_32_BIT_CONVERSION = YES;
				GCC_WARN_ABOUT_RETURN_TYPE = YES_ERROR;
				GCC_WARN_UNDECLARED_SELECTOR = YES;
				GCC_WARN_UNINITIALIZED_AUTOS = YES_AGGRESSIVE;
				GCC_WARN_UNUSED_FUNCTION = YES;
				GCC_WARN_UNUSED_VARIABLE = YES;
				IPHONEOS_DEPLOYMENT_TARGET = 11.4;
				MTL_ENABLE_DEBUG_INFO = YES;
				ONLY_ACTIVE_ARCH = YES;
				SDKROOT = iphoneos;
				SWIFT_ACTIVE_COMPILATION_CONDITIONS = DEBUG;
				SWIFT_OPTIMIZATION_LEVEL = "-Onone";
			};
			name = Debug;
		};
		D7E4ACE3213D949300376381 /* Release */ = {
			isa = XCBuildConfiguration;
			buildSettings = {
				ALWAYS_SEARCH_USER_PATHS = NO;
				CLANG_ANALYZER_NONNULL = YES;
				CLANG_ANALYZER_NUMBER_OBJECT_CONVERSION = YES_AGGRESSIVE;
				CLANG_CXX_LANGUAGE_STANDARD = "gnu++14";
				CLANG_CXX_LIBRARY = "libc++";
				CLANG_ENABLE_MODULES = YES;
				CLANG_ENABLE_OBJC_ARC = YES;
				CLANG_ENABLE_OBJC_WEAK = YES;
				CLANG_WARN_BLOCK_CAPTURE_AUTORELEASING = YES;
				CLANG_WARN_BOOL_CONVERSION = YES;
				CLANG_WARN_COMMA = YES;
				CLANG_WARN_CONSTANT_CONVERSION = YES;
				CLANG_WARN_DEPRECATED_OBJC_IMPLEMENTATIONS = YES;
				CLANG_WARN_DIRECT_OBJC_ISA_USAGE = YES_ERROR;
				CLANG_WARN_DOCUMENTATION_COMMENTS = YES;
				CLANG_WARN_EMPTY_BODY = YES;
				CLANG_WARN_ENUM_CONVERSION = YES;
				CLANG_WARN_INFINITE_RECURSION = YES;
				CLANG_WARN_INT_CONVERSION = YES;
				CLANG_WARN_NON_LITERAL_NULL_CONVERSION = YES;
				CLANG_WARN_OBJC_IMPLICIT_RETAIN_SELF = YES;
				CLANG_WARN_OBJC_LITERAL_CONVERSION = YES;
				CLANG_WARN_OBJC_ROOT_CLASS = YES_ERROR;
				CLANG_WARN_RANGE_LOOP_ANALYSIS = YES;
				CLANG_WARN_STRICT_PROTOTYPES = YES;
				CLANG_WARN_SUSPICIOUS_MOVE = YES;
				CLANG_WARN_UNGUARDED_AVAILABILITY = YES_AGGRESSIVE;
				CLANG_WARN_UNREACHABLE_CODE = YES;
				CLANG_WARN__DUPLICATE_METHOD_MATCH = YES;
				CODE_SIGN_IDENTITY = "iPhone Developer";
				COPY_PHASE_STRIP = NO;
				DEBUG_INFORMATION_FORMAT = "dwarf-with-dsym";
				ENABLE_NS_ASSERTIONS = NO;
				ENABLE_STRICT_OBJC_MSGSEND = YES;
				GCC_C_LANGUAGE_STANDARD = gnu11;
				GCC_NO_COMMON_BLOCKS = YES;
				GCC_WARN_64_TO_32_BIT_CONVERSION = YES;
				GCC_WARN_ABOUT_RETURN_TYPE = YES_ERROR;
				GCC_WARN_UNDECLARED_SELECTOR = YES;
				GCC_WARN_UNINITIALIZED_AUTOS = YES_AGGRESSIVE;
				GCC_WARN_UNUSED_FUNCTION = YES;
				GCC_WARN_UNUSED_VARIABLE = YES;
				IPHONEOS_DEPLOYMENT_TARGET = 11.4;
				MTL_ENABLE_DEBUG_INFO = NO;
				SDKROOT = iphoneos;
				SWIFT_COMPILATION_MODE = wholemodule;
				SWIFT_OPTIMIZATION_LEVEL = "-O";
				VALIDATE_PRODUCT = YES;
			};
			name = Release;
		};
		D7E4ACE5213D949300376381 /* Debug */ = {
			isa = XCBuildConfiguration;
			buildSettings = {
				ASSETCATALOG_COMPILER_APPICON_NAME = AppIcon;
				CODE_SIGN_STYLE = Automatic;
				DEVELOPMENT_TEAM = K2R548H5LT;
				INFOPLIST_FILE = DrawACard/Info.plist;
				LD_RUNPATH_SEARCH_PATHS = (
					"$(inherited)",
					"@executable_path/Frameworks",
				);
				PRODUCT_BUNDLE_IDENTIFIER = com.jasongoodney.DrawACard;
				PRODUCT_NAME = "$(TARGET_NAME)";
				SWIFT_VERSION = 4.0;
				TARGETED_DEVICE_FAMILY = "1,2";
			};
			name = Debug;
		};
		D7E4ACE6213D949300376381 /* Release */ = {
			isa = XCBuildConfiguration;
			buildSettings = {
				ASSETCATALOG_COMPILER_APPICON_NAME = AppIcon;
				CODE_SIGN_STYLE = Automatic;
				DEVELOPMENT_TEAM = K2R548H5LT;
				INFOPLIST_FILE = DrawACard/Info.plist;
				LD_RUNPATH_SEARCH_PATHS = (
					"$(inherited)",
					"@executable_path/Frameworks",
				);
				PRODUCT_BUNDLE_IDENTIFIER = com.jasongoodney.DrawACard;
				PRODUCT_NAME = "$(TARGET_NAME)";
				SWIFT_VERSION = 4.0;
				TARGETED_DEVICE_FAMILY = "1,2";
			};
			name = Release;
		};
/* End XCBuildConfiguration section */

/* Begin XCConfigurationList section */
		D7E4ACCD213D949100376381 /* Build configuration list for PBXProject "DrawACard" */ = {
			isa = XCConfigurationList;
			buildConfigurations = (
				D7E4ACE2213D949300376381 /* Debug */,
				D7E4ACE3213D949300376381 /* Release */,
			);
			defaultConfigurationIsVisible = 0;
			defaultConfigurationName = Release;
		};
		D7E4ACE4213D949300376381 /* Build configuration list for PBXNativeTarget "DrawACard" */ = {
			isa = XCConfigurationList;
			buildConfigurations = (
				D7E4ACE5213D949300376381 /* Debug */,
				D7E4ACE6213D949300376381 /* Release */,
			);
			defaultConfigurationIsVisible = 0;
			defaultConfigurationName = Release;
		};
/* End XCConfigurationList section */
	};
	rootObject = D7E4ACCA213D949100376381 /* Project object */;
}
